
Microsoft Visual Studio Solution File, Format Version 12.00
# Visual Studio Version 17
VisualStudioVersion = 17.0.31903.59
MinimumVisualStudioVersion = 10.0.40219.1
Project("{2150E333-8FDC-42A3-9474-1A3956D46DE8}") = "src", "src", "{827E0CD3-B72D-47B6-A68D-7590B98EB39B}"
EndProject
Project("{FAE04EC0-301F-11D3-BF4B-00C04F79EFBC}") = "WebApi", "src\WebApi\WebApi.csproj", "{3B1B36D3-A04C-4EC6-B71D-C5643FF88937}"
EndProject
Project("{FAE04EC0-301F-11D3-BF4B-00C04F79EFBC}") = "Application", "src\Application\Application.csproj", "{8918AC7A-4BBB-4D66-A99D-7D22037A0FB2}"
EndProject
Project("{FAE04EC0-301F-11D3-BF4B-00C04F79EFBC}") = "Domain", "src\Domain\Domain.csproj", "{30E556BA-E14A-4697-B879-69961921261B}"
EndProject
Project("{FAE04EC0-301F-11D3-BF4B-00C04F79EFBC}") = "Infrastructure", "src\Infrastructure\Infrastructure.csproj", "{D4FC47F4-68BE-4989-BBE3-799A05D38D1F}"
EndProject
Project("{2150E333-8FDC-42A3-9474-1A3956D46DE8}") = "tests", "tests", "{0AB3BF05-4346-4AA6-1389-037BE0695223}"
EndProject
Project("{FAE04EC0-301F-11D3-BF4B-00C04F79EFBC}") = "WebApi.Tests", "tests\WebApi.Tests\WebApi.Tests.csproj", "{79F21DA3-1DA4-4A0B-A7AC-EAEC8806C153}"
EndProject
Project("{FAE04EC0-301F-11D3-BF4B-00C04F79EFBC}") = "Application.Tests", "tests\Application.Tests\Application.Tests.csproj", "{38D99EC8-C782-45D1-AE9D-C34E93476FF7}"
EndProject
Project("{FAE04EC0-301F-11D3-BF4B-00C04F79EFBC}") = "Infrastructure.Tests", "tests\Infrastructure.Tests\Infrastructure.Tests.csproj", "{B4BD0FE9-6A8E-4558-B91C-099F2D025DE4}"
EndProject
Global
	GlobalSection(SolutionConfigurationPlatforms) = preSolution
		Debug|Any CPU = Debug|Any CPU
		Debug|x64 = Debug|x64
		Debug|x86 = Debug|x86
		Release|Any CPU = Release|Any CPU
		Release|x64 = Release|x64
		Release|x86 = Release|x86
	EndGlobalSection
	GlobalSection(ProjectConfigurationPlatforms) = postSolution
		{3B1B36D3-A04C-4EC6-B71D-C5643FF88937}.Debug|Any CPU.ActiveCfg = Debug|Any CPU
		{3B1B36D3-A04C-4EC6-B71D-C5643FF88937}.Debug|Any CPU.Build.0 = Debug|Any CPU
		{3B1B36D3-A04C-4EC6-B71D-C5643FF88937}.Debug|x64.ActiveCfg = Debug|Any CPU
		{3B1B36D3-A04C-4EC6-B71D-C5643FF88937}.Debug|x64.Build.0 = Debug|Any CPU
		{3B1B36D3-A04C-4EC6-B71D-C5643FF88937}.Debug|x86.ActiveCfg = Debug|Any CPU
		{3B1B36D3-A04C-4EC6-B71D-C5643FF88937}.Debug|x86.Build.0 = Debug|Any CPU
		{3B1B36D3-A04C-4EC6-B71D-C5643FF88937}.Release|Any CPU.ActiveCfg = Release|Any CPU
		{3B1B36D3-A04C-4EC6-B71D-C5643FF88937}.Release|Any CPU.Build.0 = Release|Any CPU
		{3B1B36D3-A04C-4EC6-B71D-C5643FF88937}.Release|x64.ActiveCfg = Release|Any CPU
		{3B1B36D3-A04C-4EC6-B71D-C5643FF88937}.Release|x64.Build.0 = Release|Any CPU
		{3B1B36D3-A04C-4EC6-B71D-C5643FF88937}.Release|x86.ActiveCfg = Release|Any CPU
		{3B1B36D3-A04C-4EC6-B71D-C5643FF88937}.Release|x86.Build.0 = Release|Any CPU
		{8918AC7A-4BBB-4D66-A99D-7D22037A0FB2}.Debug|Any CPU.ActiveCfg = Debug|Any CPU
		{8918AC7A-4BBB-4D66-A99D-7D22037A0FB2}.Debug|Any CPU.Build.0 = Debug|Any CPU
		{8918AC7A-4BBB-4D66-A99D-7D22037A0FB2}.Debug|x64.ActiveCfg = Debug|Any CPU
		{8918AC7A-4BBB-4D66-A99D-7D22037A0FB2}.Debug|x64.Build.0 = Debug|Any CPU
		{8918AC7A-4BBB-4D66-A99D-7D22037A0FB2}.Debug|x86.ActiveCfg = Debug|Any CPU
		{8918AC7A-4BBB-4D66-A99D-7D22037A0FB2}.Debug|x86.Build.0 = Debug|Any CPU
		{8918AC7A-4BBB-4D66-A99D-7D22037A0FB2}.Release|Any CPU.ActiveCfg = Release|Any CPU
		{8918AC7A-4BBB-4D66-A99D-7D22037A0FB2}.Release|Any CPU.Build.0 = Release|Any CPU
		{8918AC7A-4BBB-4D66-A99D-7D22037A0FB2}.Release|x64.ActiveCfg = Release|Any CPU
		{8918AC7A-4BBB-4D66-A99D-7D22037A0FB2}.Release|x64.Build.0 = Release|Any CPU
		{8918AC7A-4BBB-4D66-A99D-7D22037A0FB2}.Release|x86.ActiveCfg = Release|Any CPU
		{8918AC7A-4BBB-4D66-A99D-7D22037A0FB2}.Release|x86.Build.0 = Release|Any CPU
		{30E556BA-E14A-4697-B879-69961921261B}.Debug|Any CPU.ActiveCfg = Debug|Any CPU
		{30E556BA-E14A-4697-B879-69961921261B}.Debug|Any CPU.Build.0 = Debug|Any CPU
		{30E556BA-E14A-4697-B879-69961921261B}.Debug|x64.ActiveCfg = Debug|Any CPU
		{30E556BA-E14A-4697-B879-69961921261B}.Debug|x64.Build.0 = Debug|Any CPU
		{30E556BA-E14A-4697-B879-69961921261B}.Debug|x86.ActiveCfg = Debug|Any CPU
		{30E556BA-E14A-4697-B879-69961921261B}.Debug|x86.Build.0 = Debug|Any CPU
		{30E556BA-E14A-4697-B879-69961921261B}.Release|Any CPU.ActiveCfg = Release|Any CPU
		{30E556BA-E14A-4697-B879-69961921261B}.Release|Any CPU.Build.0 = Release|Any CPU
		{30E556BA-E14A-4697-B879-69961921261B}.Release|x64.ActiveCfg = Release|Any CPU
		{30E556BA-E14A-4697-B879-69961921261B}.Release|x64.Build.0 = Release|Any CPU
		{30E556BA-E14A-4697-B879-69961921261B}.Release|x86.ActiveCfg = Release|Any CPU
		{30E556BA-E14A-4697-B879-69961921261B}.Release|x86.Build.0 = Release|Any CPU
		{D4FC47F4-68BE-4989-BBE3-799A05D38D1F}.Debug|Any CPU.ActiveCfg = Debug|Any CPU
		{D4FC47F4-68BE-4989-BBE3-799A05D38D1F}.Debug|Any CPU.Build.0 = Debug|Any CPU
		{D4FC47F4-68BE-4989-BBE3-799A05D38D1F}.Debug|x64.ActiveCfg = Debug|Any CPU
		{D4FC47F4-68BE-4989-BBE3-799A05D38D1F}.Debug|x64.Build.0 = Debug|Any CPU
		{D4FC47F4-68BE-4989-BBE3-799A05D38D1F}.Debug|x86.ActiveCfg = Debug|Any CPU
		{D4FC47F4-68BE-4989-BBE3-799A05D38D1F}.Debug|x86.Build.0 = Debug|Any CPU
		{D4FC47F4-68BE-4989-BBE3-799A05D38D1F}.Release|Any CPU.ActiveCfg = Release|Any CPU
		{D4FC47F4-68BE-4989-BBE3-799A05D38D1F}.Release|Any CPU.Build.0 = Release|Any CPU
		{D4FC47F4-68BE-4989-BBE3-799A05D38D1F}.Release|x64.ActiveCfg = Release|Any CPU
		{D4FC47F4-68BE-4989-BBE3-799A05D38D1F}.Release|x64.Build.0 = Release|Any CPU
		{D4FC47F4-68BE-4989-BBE3-799A05D38D1F}.Release|x86.ActiveCfg = Release|Any CPU
		{D4FC47F4-68BE-4989-BBE3-799A05D38D1F}.Release|x86.Build.0 = Release|Any CPU
		{79F21DA3-1DA4-4A0B-A7AC-EAEC8806C153}.Debug|Any CPU.ActiveCfg = Debug|Any CPU
		{79F21DA3-1DA4-4A0B-A7AC-EAEC8806C153}.Debug|Any CPU.Build.0 = Debug|Any CPU
		{79F21DA3-1DA4-4A0B-A7AC-EAEC8806C153}.Debug|x64.ActiveCfg = Debug|Any CPU
		{79F21DA3-1DA4-4A0B-A7AC-EAEC8806C153}.Debug|x64.Build.0 = Debug|Any CPU
		{79F21DA3-1DA4-4A0B-A7AC-EAEC8806C153}.Debug|x86.ActiveCfg = Debug|Any CPU
		{79F21DA3-1DA4-4A0B-A7AC-EAEC8806C153}.Debug|x86.Build.0 = Debug|Any CPU
		{79F21DA3-1DA4-4A0B-A7AC-EAEC8806C153}.Release|Any CPU.ActiveCfg = Release|Any CPU
		{79F21DA3-1DA4-4A0B-A7AC-EAEC8806C153}.Release|Any CPU.Build.0 = Release|Any CPU
		{79F21DA3-1DA4-4A0B-A7AC-EAEC8806C153}.Release|x64.ActiveCfg = Release|Any CPU
		{79F21DA3-1DA4-4A0B-A7AC-EAEC8806C153}.Release|x64.Build.0 = Release|Any CPU
		{79F21DA3-1DA4-4A0B-A7AC-EAEC8806C153}.Release|x86.ActiveCfg = Release|Any CPU
		{79F21DA3-1DA4-4A0B-A7AC-EAEC8806C153}.Release|x86.Build.0 = Release|Any CPU
		{38D99EC8-C782-45D1-AE9D-C34E93476FF7}.Debug|Any CPU.ActiveCfg = Debug|Any CPU
		{38D99EC8-C782-45D1-AE9D-C34E93476FF7}.Debug|Any CPU.Build.0 = Debug|Any CPU
		{38D99EC8-C782-45D1-AE9D-C34E93476FF7}.Debug|x64.ActiveCfg = Debug|Any CPU
		{38D99EC8-C782-45D1-AE9D-C34E93476FF7}.Debug|x64.Build.0 = Debug|Any CPU
		{38D99EC8-C782-45D1-AE9D-C34E93476FF7}.Debug|x86.ActiveCfg = Debug|Any CPU
		{38D99EC8-C782-45D1-AE9D-C34E93476FF7}.Debug|x86.Build.0 = Debug|Any CPU
		{38D99EC8-C782-45D1-AE9D-C34E93476FF7}.Release|Any CPU.ActiveCfg = Release|Any CPU
		{38D99EC8-C782-45D1-AE9D-C34E93476FF7}.Release|Any CPU.Build.0 = Release|Any CPU
		{38D99EC8-C782-45D1-AE9D-C34E93476FF7}.Release|x64.ActiveCfg = Release|Any CPU
		{38D99EC8-C782-45D1-AE9D-C34E93476FF7}.Release|x64.Build.0 = Release|Any CPU
		{38D99EC8-C782-45D1-AE9D-C34E93476FF7}.Release|x86.ActiveCfg = Release|Any CPU
		{38D99EC8-C782-45D1-AE9D-C34E93476FF7}.Release|x86.Build.0 = Release|Any CPU
		{B4BD0FE9-6A8E-4558-B91C-099F2D025DE4}.Debug|Any CPU.ActiveCfg = Debug|Any CPU
		{B4BD0FE9-6A8E-4558-B91C-099F2D025DE4}.Debug|Any CPU.Build.0 = Debug|Any CPU
		{B4BD0FE9-6A8E-4558-B91C-099F2D025DE4}.Debug|x64.ActiveCfg = Debug|Any CPU
		{B4BD0FE9-6A8E-4558-B91C-099F2D025DE4}.Debug|x64.Build.0 = Debug|Any CPU
		{B4BD0FE9-6A8E-4558-B91C-099F2D025DE4}.Debug|x86.ActiveCfg = Debug|Any CPU
		{B4BD0FE9-6A8E-4558-B91C-099F2D025DE4}.Debug|x86.Build.0 = Debug|Any CPU
		{B4BD0FE9-6A8E-4558-B91C-099F2D025DE4}.Release|Any CPU.ActiveCfg = Release|Any CPU
		{B4BD0FE9-6A8E-4558-B91C-099F2D025DE4}.Release|Any CPU.Build.0 = Release|Any CPU
		{B4BD0FE9-6A8E-4558-B91C-099F2D025DE4}.Release|x64.ActiveCfg = Release|Any CPU
		{B4BD0FE9-6A8E-4558-B91C-099F2D025DE4}.Release|x64.Build.0 = Release|Any CPU
		{B4BD0FE9-6A8E-4558-B91C-099F2D025DE4}.Release|x86.ActiveCfg = Release|Any CPU
		{B4BD0FE9-6A8E-4558-B91C-099F2D025DE4}.Release|x86.Build.0 = Release|Any CPU
	EndGlobalSection
	GlobalSection(SolutionProperties) = preSolution
		HideSolutionNode = FALSE
	EndGlobalSection
	GlobalSection(NestedProjects) = preSolution
		{3B1B36D3-A04C-4EC6-B71D-C5643FF88937} = {827E0CD3-B72D-47B6-A68D-7590B98EB39B}
		{8918AC7A-4BBB-4D66-A99D-7D22037A0FB2} = {827E0CD3-B72D-47B6-A68D-7590B98EB39B}
		{30E556BA-E14A-4697-B879-69961921261B} = {827E0CD3-B72D-47B6-A68D-7590B98EB39B}
		{D4FC47F4-68BE-4989-BBE3-799A05D38D1F} = {827E0CD3-B72D-47B6-A68D-7590B98EB39B}
		{79F21DA3-1DA4-4A0B-A7AC-EAEC8806C153} = {0AB3BF05-4346-4AA6-1389-037BE0695223}
		{38D99EC8-C782-45D1-AE9D-C34E93476FF7} = {0AB3BF05-4346-4AA6-1389-037BE0695223}
		{B4BD0FE9-6A8E-4558-B91C-099F2D025DE4} = {0AB3BF05-4346-4AA6-1389-037BE0695223}
	EndGlobalSection
EndGlobal
